
Microsoft Visual Studio Solution File, Format Version 12.00
# Visual Studio Version 17
VisualStudioVersion = 17.9.34622.214
MinimumVisualStudioVersion = 10.0.40219.1
Project("{9A19103F-16F7-4668-BE54-9A1E7A4F7556}") = "StartAcademyClone", "StartAcademyClone\StartAcademyClone.csproj", "{0318F776-17CE-404F-9C95-4BE0EE7BFAD9}"
EndProject
Project("{9A19103F-16F7-4668-BE54-9A1E7A4F7556}") = "LibraryFile", "LibraryFile\LibraryFile.csproj", "{20A7847D-5263-4E2A-9380-8582395D1907}"
EndProject
Project("{FAE04EC0-301F-11D3-BF4B-00C04F79EFBC}") = "Manager", "Manager\Manager.csproj", "{005D99CB-28DF-4B51-BB5E-63B845624853}"
EndProject
Global
	GlobalSection(SolutionConfigurationPlatforms) = preSolution
		Debug|Any CPU = Debug|Any CPU
		Release|Any CPU = Release|Any CPU
	EndGlobalSection
	GlobalSection(ProjectConfigurationPlatforms) = postSolution
		{0318F776-17CE-404F-9C95-4BE0EE7BFAD9}.Debug|Any CPU.ActiveCfg = Debug|Any CPU
		{0318F776-17CE-404F-9C95-4BE0EE7BFAD9}.Debug|Any CPU.Build.0 = Debug|Any CPU
		{0318F776-17CE-404F-9C95-4BE0EE7BFAD9}.Release|Any CPU.ActiveCfg = Release|Any CPU
		{0318F776-17CE-404F-9C95-4BE0EE7BFAD9}.Release|Any CPU.Build.0 = Release|Any CPU
		{20A7847D-5263-4E2A-9380-8582395D1907}.Debug|Any CPU.ActiveCfg = Debug|Any CPU
		{20A7847D-5263-4E2A-9380-8582395D1907}.Debug|Any CPU.Build.0 = Debug|Any CPU
		{20A7847D-5263-4E2A-9380-8582395D1907}.Release|Any CPU.ActiveCfg = Release|Any CPU
		{20A7847D-5263-4E2A-9380-8582395D1907}.Release|Any CPU.Build.0 = Release|Any CPU
		{005D99CB-28DF-4B51-BB5E-63B845624853}.Debug|Any CPU.ActiveCfg = Debug|Any CPU
		{005D99CB-28DF-4B51-BB5E-63B845624853}.Debug|Any CPU.Build.0 = Debug|Any CPU
		{005D99CB-28DF-4B51-BB5E-63B845624853}.Release|Any CPU.ActiveCfg = Release|Any CPU
		{005D99CB-28DF-4B51-BB5E-63B845624853}.Release|Any CPU.Build.0 = Release|Any CPU
	EndGlobalSection
	GlobalSection(SolutionProperties) = preSolution
		HideSolutionNode = FALSE
	EndGlobalSection
	GlobalSection(ExtensibilityGlobals) = postSolution
		SolutionGuid = {CB8B6303-9BB7-4BF3-94DF-76240B8F619A}
	EndGlobalSection
EndGlobal
